{
  "nodes": {
    "nixpkgs": {
      "locked": {
        "lastModified": 1734226574,
        "narHash": "sha256-SpQzOuXA3/UmbhRu49DRjmtr0zL9yYUVleN3nW16oIE=",
        "owner": "nixos",
        "repo": "nixpkgs",
        "rev": "0acb5f0924d1cf0af70b0f9f518be2bee98c7e54",
        "type": "github"
      },
      "original": {
        "owner": "nixos",
        "repo": "nixpkgs",
        "type": "github"
      }
    },
    "root": {
      "inputs": {
        "nixpkgs": "nixpkgs"
      }
    }
  },
  "root": "root",
  "version": 7
}
